
Microsoft Visual Studio Solution File, Format Version 12.00
# Visual Studio 2012
Project("{FAE04EC0-301F-11D3-BF4B-00C04F79EFBC}") = "GuardianProject", "GuardianProject\GuardianProject.csproj", "{09F9F481-D079-4A20-A5B1-2D8103BC74BE}"
EndProject
Global
	GlobalSection(SolutionConfigurationPlatforms) = preSolution
		Debug|Any CPU = Debug|Any CPU
		Release|Any CPU = Release|Any CPU
	EndGlobalSection
	GlobalSection(ProjectConfigurationPlatforms) = postSolution
		{09F9F481-D079-4A20-A5B1-2D8103BC74BE}.Debug|Any CPU.ActiveCfg = Debug|Any CPU
		{09F9F481-D079-4A20-A5B1-2D8103BC74BE}.Debug|Any CPU.Build.0 = Debug|Any CPU
		{09F9F481-D079-4A20-A5B1-2D8103BC74BE}.Release|Any CPU.ActiveCfg = Release|Any CPU
		{09F9F481-D079-4A20-A5B1-2D8103BC74BE}.Release|Any CPU.Build.0 = Release|Any CPU
	EndGlobalSection
	GlobalSection(SolutionProperties) = preSolution
		HideSolutionNode = FALSE
	EndGlobalSection
EndGlobal
